
Microsoft Visual Studio Solution File, Format Version 12.00
# Visual Studio Version 17
VisualStudioVersion = 17.0.32126.317
MinimumVisualStudioVersion = 10.0.40219.1
Project("{FAE04EC0-301F-11D3-BF4B-00C04F79EFBC}") = "TheClosestWay", "TheClosestWay\TheClosestWay.csproj", "{30E3E664-3AD3-4168-8A51-87AD17AE9600}"
EndProject
Global
	GlobalSection(SolutionConfigurationPlatforms) = preSolution
		Debug|Any CPU = Debug|Any CPU
		Release|Any CPU = Release|Any CPU
	EndGlobalSection
	GlobalSection(ProjectConfigurationPlatforms) = postSolution
		{30E3E664-3AD3-4168-8A51-87AD17AE9600}.Debug|Any CPU.ActiveCfg = Debug|Any CPU
		{30E3E664-3AD3-4168-8A51-87AD17AE9600}.Debug|Any CPU.Build.0 = Debug|Any CPU
		{30E3E664-3AD3-4168-8A51-87AD17AE9600}.Release|Any CPU.ActiveCfg = Release|Any CPU
		{30E3E664-3AD3-4168-8A51-87AD17AE9600}.Release|Any CPU.Build.0 = Release|Any CPU
	EndGlobalSection
	GlobalSection(SolutionProperties) = preSolution
		HideSolutionNode = FALSE
	EndGlobalSection
	GlobalSection(ExtensibilityGlobals) = postSolution
		SolutionGuid = {05563461-675A-434A-864C-C3B43B09AF38}
	EndGlobalSection
EndGlobal
